{
  "name": "random-weight-test",
  "version": "1.0.0",
  "lockfileVersion": 2,
  "requires": true,
  "packages": {
    "": {
      "name": "random-weight-test",
      "version": "1.0.0",
      "license": "ISC",
      "dependencies": {
        "random-weighted-ts": "^1.0.1"
      }
    },
    "node_modules/random-weighted-ts": {
      "version": "1.0.1",
      "resolved": "https://registry.npmjs.org/random-weighted-ts/-/random-weighted-ts-1.0.1.tgz",
      "integrity": "sha512-9IIczzpMe94eomj7cr8W4jDxgP3C/SFjZ2eZD5EWdksiMQgeUve4rvkGQY/BJAb+QmyRyoG0Y61OZE+kJBATDQ=="
    }
  },
  "dependencies": {
    "random-weighted-ts": {
      "version": "1.0.1",
      "resolved": "https://registry.npmjs.org/random-weighted-ts/-/random-weighted-ts-1.0.1.tgz",
      "integrity": "sha512-9IIczzpMe94eomj7cr8W4jDxgP3C/SFjZ2eZD5EWdksiMQgeUve4rvkGQY/BJAb+QmyRyoG0Y61OZE+kJBATDQ=="
    }
  }
}
