{
  "name": "random-weight-test",
  "version": "1.0.0",
  "lockfileVersion": 2,
  "requires": true,
  "packages": {
    "": {
      "name": "random-weight-test",
      "version": "1.0.0",
      "license": "ISC",
      "dependencies": {
        "random-weighted-ts": "^1.0.1",
        "ts-rollup_test": "^1.0.0"
      }
    },
    "node_modules/random-weighted-ts": {
      "version": "1.0.1",
      "resolved": "https://registry.npmjs.org/random-weighted-ts/-/random-weighted-ts-1.0.1.tgz",
      "integrity": "sha512-9IIczzpMe94eomj7cr8W4jDxgP3C/SFjZ2eZD5EWdksiMQgeUve4rvkGQY/BJAb+QmyRyoG0Y61OZE+kJBATDQ=="
    },
    "node_modules/ts-rollup_test": {
      "version": "1.0.0",
      "resolved": "https://registry.npmjs.org/ts-rollup_test/-/ts-rollup_test-1.0.0.tgz",
      "integrity": "sha512-yeiINuX4oyJj6KMdUOTLa2kjvFS2CheXLvvtjJF0PAnOCIxNNb6eGEiwa8QrJgATAV1P8ZuiERXoYLYXs/NUBg=="
    }
  },
  "dependencies": {
    "random-weighted-ts": {
      "version": "1.0.1",
      "resolved": "https://registry.npmjs.org/random-weighted-ts/-/random-weighted-ts-1.0.1.tgz",
      "integrity": "sha512-9IIczzpMe94eomj7cr8W4jDxgP3C/SFjZ2eZD5EWdksiMQgeUve4rvkGQY/BJAb+QmyRyoG0Y61OZE+kJBATDQ=="
    },
    "ts-rollup_test": {
      "version": "1.0.0",
      "resolved": "https://registry.npmjs.org/ts-rollup_test/-/ts-rollup_test-1.0.0.tgz",
      "integrity": "sha512-yeiINuX4oyJj6KMdUOTLa2kjvFS2CheXLvvtjJF0PAnOCIxNNb6eGEiwa8QrJgATAV1P8ZuiERXoYLYXs/NUBg=="
    }
  }
}
